{
  "nodes": {
    "nixpkgs": {
      "locked": {
        "lastModified": 1786862985,
        "narHash": "sha256-FBJRXmbGXiSUDvYEbfLYRkckayyZ6SK1UEqhCrIZ2Cs=",
        "owner": "NixOS",
        "repo": "nixpkgs",
        "rev": "e5bdc4a41d4c072fe1e3787eaa0320a384741d44",
        "type": "github"
      },
      "original": {
        "owner": "NixOS",
        "ref": "nixos-unstable",
        "repo": "nixpkgs",
        "type": "github"
      }
    },
    "nixpkgs-dart": {
      "locked": {
        "lastModified": 1781120636,
        "narHash": "sha256-ZVgBbsdo/suD42R2N/nmxJ5IDWwONNiXWLLkMNsUOdE=",
        "owner": "NixOS",
        "repo": "nixpkgs",
        "rev": "61eb395f5d618db696e4918efc774431fb15056e",
        "type": "github"
      },
      "original": {
        "owner": "NixOS",
        "repo": "nixpkgs",
        "rev": "61eb395f5d618db696e4918efc774431fb15056e",
        "type": "github"
      }
    },
    "root": {
      "inputs": {
        "nixpkgs": "nixpkgs",
        "nixpkgs-dart": "nixpkgs-dart"
      }
    }
  },
  "root": "root",
  "version": 7
}
